// !$*UTF8*$!
{
	archiveVersion = 1;
	classes = {
	};
	objectVersion = 46;
	objects = {

/* Begin PBXBuildFile section */
		E505D84E163C2AD9001132FB /* icon.icns in Resources */ = {isa = PBXBuildFile; fileRef = E505D84D163C2AD9001132FB /* icon.icns */; };
		E508899B165163FA004835C3 /* DisablerView.m in Sources */ = {isa = PBXBuildFile; fileRef = E508899A165163FA004835C3 /* DisablerView.m */; };
		E511C8DA166138020011464B /* ioapi.c in Sources */ = {isa = PBXBuildFile; fileRef = E511C8AC166138020011464B /* ioapi.c */; };
		E511C8DB166138020011464B /* mztools.c in Sources */ = {isa = PBXBuildFile; fileRef = E511C8AE166138020011464B /* mztools.c */; };
		E511C8DC166138020011464B /* unzip.c in Sources */ = {isa = PBXBuildFile; fileRef = E511C8B0166138020011464B /* unzip.c */; };
		E511C8DD166138020011464B /* zip.c in Sources */ = {isa = PBXBuildFile; fileRef = E511C8B2166138020011464B /* zip.c */; };
		E511C8DE166138020011464B /* FileInZipInfo.m in Sources */ = {isa = PBXBuildFile; fileRef = E511C8B6166138020011464B /* FileInZipInfo.m */; settings = {COMPILER_FLAGS = "-fno-objc-arc"; }; };
		E511C8DF166138020011464B /* ZipException.m in Sources */ = {isa = PBXBuildFile; fileRef = E511C8B8166138020011464B /* ZipException.m */; settings = {COMPILER_FLAGS = "-fno-objc-arc"; }; };
		E511C8E0166138020011464B /* ZipFile.m in Sources */ = {isa = PBXBuildFile; fileRef = E511C8BA166138020011464B /* ZipFile.m */; settings = {COMPILER_FLAGS = "-fno-objc-arc"; }; };
		E511C8E1166138020011464B /* ZipReadStream.m in Sources */ = {isa = PBXBuildFile; fileRef = E511C8BC166138020011464B /* ZipReadStream.m */; settings = {COMPILER_FLAGS = "-fno-objc-arc"; }; };
		E511C8E2166138020011464B /* ZipWriteStream.m in Sources */ = {isa = PBXBuildFile; fileRef = E511C8BE166138020011464B /* ZipWriteStream.m */; settings = {COMPILER_FLAGS = "-fno-objc-arc"; }; };
		E511C8E3166138020011464B /* adler32.c in Sources */ = {isa = PBXBuildFile; fileRef = E511C8C0166138020011464B /* adler32.c */; };
		E511C8E4166138020011464B /* compress.c in Sources */ = {isa = PBXBuildFile; fileRef = E511C8C1166138020011464B /* compress.c */; };
		E511C8E5166138020011464B /* crc32.c in Sources */ = {isa = PBXBuildFile; fileRef = E511C8C2166138020011464B /* crc32.c */; };
		E511C8E6166138020011464B /* deflate.c in Sources */ = {isa = PBXBuildFile; fileRef = E511C8C4166138020011464B /* deflate.c */; };
		E511C8E7166138020011464B /* gzclose.c in Sources */ = {isa = PBXBuildFile; fileRef = E511C8C6166138020011464B /* gzclose.c */; };
		E511C8E8166138020011464B /* gzlib.c in Sources */ = {isa = PBXBuildFile; fileRef = E511C8C8166138020011464B /* gzlib.c */; };
		E511C8E9166138020011464B /* gzread.c in Sources */ = {isa = PBXBuildFile; fileRef = E511C8C9166138020011464B /* gzread.c */; };
		E511C8EA166138020011464B /* gzwrite.c in Sources */ = {isa = PBXBuildFile; fileRef = E511C8CA166138020011464B /* gzwrite.c */; };
		E511C8EB166138020011464B /* infback.c in Sources */ = {isa = PBXBuildFile; fileRef = E511C8CB166138020011464B /* infback.c */; };
		E511C8EC166138020011464B /* inffast.c in Sources */ = {isa = PBXBuildFile; fileRef = E511C8CC166138020011464B /* inffast.c */; };
		E511C8ED166138020011464B /* inflate.c in Sources */ = {isa = PBXBuildFile; fileRef = E511C8CF166138020011464B /* inflate.c */; };
		E511C8EE166138020011464B /* inftrees.c in Sources */ = {isa = PBXBuildFile; fileRef = E511C8D1166138020011464B /* inftrees.c */; };
		E511C8EF166138020011464B /* trees.c in Sources */ = {isa = PBXBuildFile; fileRef = E511C8D3166138020011464B /* trees.c */; };
		E511C8F0166138020011464B /* uncompr.c in Sources */ = {isa = PBXBuildFile; fileRef = E511C8D5166138020011464B /* uncompr.c */; };
		E511C8F1166138020011464B /* zutil.c in Sources */ = {isa = PBXBuildFile; fileRef = E511C8D8166138020011464B /* zutil.c */; };
		E5216FE916555050005F2DB9 /* ProxyPodnapi.m in Sources */ = {isa = PBXBuildFile; fileRef = E5216FE816555050005F2DB9 /* ProxyPodnapi.m */; };
		E528D29716559A68005788DA /* AboutWindow.xib in Resources */ = {isa = PBXBuildFile; fileRef = E528D29616559A68005788DA /* AboutWindow.xib */; };
		E528D29A16559AA6005788DA /* AboutWindowController.m in Sources */ = {isa = PBXBuildFile; fileRef = E528D29916559AA6005788DA /* AboutWindowController.m */; };
		E52A28C7165E888F001AD28D /* ProxySubDB.m in Sources */ = {isa = PBXBuildFile; fileRef = E52A28C6165E888F001AD28D /* ProxySubDB.m */; };
		E52A28CB165E9442001AD28D /* NSString+SHA256.m in Sources */ = {isa = PBXBuildFile; fileRef = E52A28CA165E9442001AD28D /* NSString+SHA256.m */; };
		E52A28CE165E960B001AD28D /* NSString+MD5.m in Sources */ = {isa = PBXBuildFile; fileRef = E52A28CD165E960B001AD28D /* NSString+MD5.m */; };
		E52A28D6165EC4BC001AD28D /* SubDBHashAlgorithm.m in Sources */ = {isa = PBXBuildFile; fileRef = E52A28D5165EC4BC001AD28D /* SubDBHashAlgorithm.m */; };
		E52CD906162856FE007DD062 /* AppKit.framework in Frameworks */ = {isa = PBXBuildFile; fileRef = E591D5591626D3A900AFEC92 /* AppKit.framework */; };
		E52CD90716285705007DD062 /* CoreData.framework in Frameworks */ = {isa = PBXBuildFile; fileRef = E591D55A1626D3A900AFEC92 /* CoreData.framework */; };
		E52CD9081628570A007DD062 /* Foundation.framework in Frameworks */ = {isa = PBXBuildFile; fileRef = E591D55B1626D3A900AFEC92 /* Foundation.framework */; };
		E52DFDBE165A53C6002A7AAF /* browse_button_on.png in Resources */ = {isa = PBXBuildFile; fileRef = E52DFDBC165A53C6002A7AAF /* browse_button_on.png */; };
		E52DFDBF165A53C6002A7AAF /* browse_button.png in Resources */ = {isa = PBXBuildFile; fileRef = E52DFDBD165A53C6002A7AAF /* browse_button.png */; };
		E52DFDC2165A5722002A7AAF /* download_button.png in Resources */ = {isa = PBXBuildFile; fileRef = E52DFDC1165A5722002A7AAF /* download_button.png */; };
		E52DFDC4165A5A37002A7AAF /* DownloadButton.xib in Resources */ = {isa = PBXBuildFile; fileRef = E52DFDC3165A5A37002A7AAF /* DownloadButton.xib */; };
		E52DFDCF165AAFC6002A7AAF /* SubtitlesTableView.m in Sources */ = {isa = PBXBuildFile; fileRef = E52DFDCE165AAFC6002A7AAF /* SubtitlesTableView.m */; };
		E52DFDD2165AB074002A7AAF /* NSView+Apperance.m in Sources */ = {isa = PBXBuildFile; fileRef = E52DFDD1165AB074002A7AAF /* NSView+Apperance.m */; };
		E52EAD4816625D6000C55913 /* NSString+Compare.m in Sources */ = {isa = PBXBuildFile; fileRef = E52EAD4716625D6000C55913 /* NSString+Compare.m */; };
		E53678F316317EFF004E45E2 /* MainWindow.xib in Resources */ = {isa = PBXBuildFile; fileRef = E53678F216317EFF004E45E2 /* MainWindow.xib */; };
		E539012616449B160095B36C /* DropView.m in Sources */ = {isa = PBXBuildFile; fileRef = E539012516449B160095B36C /* DropView.m */; };
		E54702CB162F45BE000756EF /* NSData+Base64.m in Sources */ = {isa = PBXBuildFile; fileRef = E54702B7162F45AE000756EF /* NSData+Base64.m */; };
		E54702CD162F45BE000756EF /* NSStringAdditions.m in Sources */ = {isa = PBXBuildFile; fileRef = E54702B9162F45AE000756EF /* NSStringAdditions.m */; };
		E54702CF162F45BE000756EF /* XMLRPCConnection.m in Sources */ = {isa = PBXBuildFile; fileRef = E54702BB162F45AE000756EF /* XMLRPCConnection.m */; };
		E54702D2162F45BE000756EF /* XMLRPCConnectionManager.m in Sources */ = {isa = PBXBuildFile; fileRef = E54702BE162F45AE000756EF /* XMLRPCConnectionManager.m */; };
		E54702D4162F45BE000756EF /* XMLRPCDefaultEncoder.m in Sources */ = {isa = PBXBuildFile; fileRef = E54702C0162F45AE000756EF /* XMLRPCDefaultEncoder.m */; };
		E54702D7162F45BE000756EF /* XMLRPCEventBasedParser.m in Sources */ = {isa = PBXBuildFile; fileRef = E54702C3162F45AE000756EF /* XMLRPCEventBasedParser.m */; };
		E54702D9162F45BE000756EF /* XMLRPCEventBasedParserDelegate.m in Sources */ = {isa = PBXBuildFile; fileRef = E54702C5162F45AE000756EF /* XMLRPCEventBasedParserDelegate.m */; };
		E54702DB162F45BE000756EF /* XMLRPCRequest.m in Sources */ = {isa = PBXBuildFile; fileRef = E54702C7162F45AE000756EF /* XMLRPCRequest.m */; };
		E54702DD162F45BE000756EF /* XMLRPCResponse.m in Sources */ = {isa = PBXBuildFile; fileRef = E54702C9162F45AE000756EF /* XMLRPCResponse.m */; };
		E54702E1162F4A27000756EF /* LoginModel.m in Sources */ = {isa = PBXBuildFile; fileRef = E54702E0162F4A27000756EF /* LoginModel.m */; };
		E54702E4162F4DD9000756EF /* Proxy.m in Sources */ = {isa = PBXBuildFile; fileRef = E54702E3162F4DD9000756EF /* Proxy.m */; };
		E565FE4D16457096006D34FC /* drop.png in Resources */ = {isa = PBXBuildFile; fileRef = E565FE4C16457096006D34FC /* drop.png */; };
		E591D5611626D3A900AFEC92 /* InfoPlist.strings in Resources */ = {isa = PBXBuildFile; fileRef = E591D55F1626D3A900AFEC92 /* InfoPlist.strings */; };
		E591D5631626D3A900AFEC92 /* main.m in Sources */ = {isa = PBXBuildFile; fileRef = E591D5621626D3A900AFEC92 /* main.m */; };
		E591D5671626D3A900AFEC92 /* Credits.rtf in Resources */ = {isa = PBXBuildFile; fileRef = E591D5651626D3A900AFEC92 /* Credits.rtf */; };
		E591D56A1626D3A900AFEC92 /* AppDelegate.m in Sources */ = {isa = PBXBuildFile; fileRef = E591D5691626D3A900AFEC92 /* AppDelegate.m */; };
		E591D56D1626D3AA00AFEC92 /* MainMenu.xib in Resources */ = {isa = PBXBuildFile; fileRef = E591D56B1626D3AA00AFEC92 /* MainMenu.xib */; };
		E5931A8E165922C60058C622 /* NSAttributedString+Hyperlink.m in Sources */ = {isa = PBXBuildFile; fileRef = E5931A8D165922C60058C622 /* NSAttributedString+Hyperlink.m */; };
		E5999DB516528EF900AE4CE7 /* GeneralPreferencesViewController.m in Sources */ = {isa = PBXBuildFile; fileRef = E5999DB016528D6F00AE4CE7 /* GeneralPreferencesViewController.m */; };
		E5999DB716528F4600AE4CE7 /* MASPreferencesWindowController.m in Sources */ = {isa = PBXBuildFile; fileRef = E5999DA91652897800AE4CE7 /* MASPreferencesWindowController.m */; };
		E5999DB8165290D300AE4CE7 /* MASPreferencesWindow.xib in Resources */ = {isa = PBXBuildFile; fileRef = E5999DA71652897800AE4CE7 /* MASPreferencesWindow.xib */; };
		E5999DB91652912300AE4CE7 /* GeneralPreferencesView.xib in Resources */ = {isa = PBXBuildFile; fileRef = E5999DB116528D6F00AE4CE7 /* GeneralPreferencesView.xib */; };
		E5A2C95F164CA01700B5B3D7 /* SubsTableRow.m in Sources */ = {isa = PBXBuildFile; fileRef = E5A2C95E164CA01700B5B3D7 /* SubsTableRow.m */; };
		E5AC9312162F6E29001F39E0 /* SearchModel.m in Sources */ = {isa = PBXBuildFile; fileRef = E5AC9311162F6E29001F39E0 /* SearchModel.m */; };
		E5C21E461630BBE8006D125B /* MainWindowController.m in Sources */ = {isa = PBXBuildFile; fileRef = E5C21E451630BBE8006D125B /* MainWindowController.m */; };
		E5CECE5F165464E300D1D3C5 /* Alerter.m in Sources */ = {isa = PBXBuildFile; fileRef = E5CECE5E165464E300D1D3C5 /* Alerter.m */; };
		E5D169D8163590400002848B /* bg.png in Resources */ = {isa = PBXBuildFile; fileRef = E5D169D7163590400002848B /* bg.png */; };
		E5D169E316359FEF0002848B /* 325.gif in Resources */ = {isa = PBXBuildFile; fileRef = E5D169E216359FEF0002848B /* 325.gif */; };
		E5D69775165C362900376187 /* MovieModel.m in Sources */ = {isa = PBXBuildFile; fileRef = E5D69774165C362900376187 /* MovieModel.m */; };
		E5D74AC1163044EE00FC56E3 /* OrderedDictionary.m in Sources */ = {isa = PBXBuildFile; fileRef = E5D74ABE1630434900FC56E3 /* OrderedDictionary.m */; };
		E5E6B9BF162F8E9800BD9D35 /* OSHashAlgorithm.m in Sources */ = {isa = PBXBuildFile; fileRef = E5E6B9BE162F8E9800BD9D35 /* OSHashAlgorithm.m */; };
		E5F15F04165AEB1600EBCAC2 /* ProxyPodnapisiXML.m in Sources */ = {isa = PBXBuildFile; fileRef = E5F15F03165AEB1600EBCAC2 /* ProxyPodnapisiXML.m */; };
		E5F2F48E1650302400A83303 /* libz.dylib in Frameworks */ = {isa = PBXBuildFile; fileRef = E5F2F48D1650302400A83303 /* libz.dylib */; };
		E5F2F4911650444C00A83303 /* NSData+GZIP.m in Sources */ = {isa = PBXBuildFile; fileRef = E5F2F4901650330500A83303 /* NSData+GZIP.m */; };
/* End PBXBuildFile section */

/* Begin PBXFileReference section */
		E505D84D163C2AD9001132FB /* icon.icns */ = {isa = PBXFileReference; lastKnownFileType = image.icns; path = icon.icns; sourceTree = "<group>"; };
		E5088999165163FA004835C3 /* DisablerView.h */ = {isa = PBXFileReference; fileEncoding = 4; lastKnownFileType = sourcecode.c.h; path = DisablerView.h; sourceTree = "<group>"; };
		E508899A165163FA004835C3 /* DisablerView.m */ = {isa = PBXFileReference; fileEncoding = 4; lastKnownFileType = sourcecode.c.objc; path = DisablerView.m; sourceTree = "<group>"; };
		E511C8AB166138020011464B /* crypt.h */ = {isa = PBXFileReference; fileEncoding = 4; lastKnownFileType = sourcecode.c.h; path = crypt.h; sourceTree = "<group>"; };
		E511C8AC166138020011464B /* ioapi.c */ = {isa = PBXFileReference; fileEncoding = 4; lastKnownFileType = sourcecode.c.c; path = ioapi.c; sourceTree = "<group>"; };
		E511C8AD166138020011464B /* ioapi.h */ = {isa = PBXFileReference; fileEncoding = 4; lastKnownFileType = sourcecode.c.h; path = ioapi.h; sourceTree = "<group>"; };
		E511C8AE166138020011464B /* mztools.c */ = {isa = PBXFileReference; fileEncoding = 4; lastKnownFileType = sourcecode.c.c; path = mztools.c; sourceTree = "<group>"; };
		E511C8AF166138020011464B /* mztools.h */ = {isa = PBXFileReference; fileEncoding = 4; lastKnownFileType = sourcecode.c.h; path = mztools.h; sourceTree = "<group>"; };
		E511C8B0166138020011464B /* unzip.c */ = {isa = PBXFileReference; fileEncoding = 4; lastKnownFileType = sourcecode.c.c; path = unzip.c; sourceTree = "<group>"; };
		E511C8B1166138020011464B /* unzip.h */ = {isa = PBXFileReference; fileEncoding = 4; lastKnownFileType = sourcecode.c.h; path = unzip.h; sourceTree = "<group>"; };
		E511C8B2166138020011464B /* zip.c */ = {isa = PBXFileReference; fileEncoding = 4; lastKnownFileType = sourcecode.c.c; path = zip.c; sourceTree = "<group>"; };
		E511C8B3166138020011464B /* zip.h */ = {isa = PBXFileReference; fileEncoding = 4; lastKnownFileType = sourcecode.c.h; path = zip.h; sourceTree = "<group>"; };
		E511C8B5166138020011464B /* FileInZipInfo.h */ = {isa = PBXFileReference; fileEncoding = 4; lastKnownFileType = sourcecode.c.h; path = FileInZipInfo.h; sourceTree = "<group>"; };
		E511C8B6166138020011464B /* FileInZipInfo.m */ = {isa = PBXFileReference; fileEncoding = 4; lastKnownFileType = sourcecode.c.objc; path = FileInZipInfo.m; sourceTree = "<group>"; };
		E511C8B7166138020011464B /* ZipException.h */ = {isa = PBXFileReference; fileEncoding = 4; lastKnownFileType = sourcecode.c.h; path = ZipException.h; sourceTree = "<group>"; };
		E511C8B8166138020011464B /* ZipException.m */ = {isa = PBXFileReference; fileEncoding = 4; lastKnownFileType = sourcecode.c.objc; path = ZipException.m; sourceTree = "<group>"; };
		E511C8B9166138020011464B /* ZipFile.h */ = {isa = PBXFileReference; fileEncoding = 4; lastKnownFileType = sourcecode.c.h; path = ZipFile.h; sourceTree = "<group>"; };
		E511C8BA166138020011464B /* ZipFile.m */ = {isa = PBXFileReference; fileEncoding = 4; lastKnownFileType = sourcecode.c.objc; path = ZipFile.m; sourceTree = "<group>"; };
		E511C8BB166138020011464B /* ZipReadStream.h */ = {isa = PBXFileReference; fileEncoding = 4; lastKnownFileType = sourcecode.c.h; path = ZipReadStream.h; sourceTree = "<group>"; };
		E511C8BC166138020011464B /* ZipReadStream.m */ = {isa = PBXFileReference; fileEncoding = 4; lastKnownFileType = sourcecode.c.objc; path = ZipReadStream.m; sourceTree = "<group>"; };
		E511C8BD166138020011464B /* ZipWriteStream.h */ = {isa = PBXFileReference; fileEncoding = 4; lastKnownFileType = sourcecode.c.h; path = ZipWriteStream.h; sourceTree = "<group>"; };
		E511C8BE166138020011464B /* ZipWriteStream.m */ = {isa = PBXFileReference; fileEncoding = 4; lastKnownFileType = sourcecode.c.objc; path = ZipWriteStream.m; sourceTree = "<group>"; };
		E511C8C0166138020011464B /* adler32.c */ = {isa = PBXFileReference; fileEncoding = 4; lastKnownFileType = sourcecode.c.c; path = adler32.c; sourceTree = "<group>"; };
		E511C8C1166138020011464B /* compress.c */ = {isa = PBXFileReference; fileEncoding = 4; lastKnownFileType = sourcecode.c.c; path = compress.c; sourceTree = "<group>"; };
		E511C8C2166138020011464B /* crc32.c */ = {isa = PBXFileReference; fileEncoding = 4; lastKnownFileType = sourcecode.c.c; path = crc32.c; sourceTree = "<group>"; };
		E511C8C3166138020011464B /* crc32.h */ = {isa = PBXFileReference; fileEncoding = 4; lastKnownFileType = sourcecode.c.h; path = crc32.h; sourceTree = "<group>"; };
		E511C8C4166138020011464B /* deflate.c */ = {isa = PBXFileReference; fileEncoding = 4; lastKnownFileType = sourcecode.c.c; path = deflate.c; sourceTree = "<group>"; };
		E511C8C5166138020011464B /* deflate.h */ = {isa = PBXFileReference; fileEncoding = 4; lastKnownFileType = sourcecode.c.h; path = deflate.h; sourceTree = "<group>"; };
		E511C8C6166138020011464B /* gzclose.c */ = {isa = PBXFileReference; fileEncoding = 4; lastKnownFileType = sourcecode.c.c; path = gzclose.c; sourceTree = "<group>"; };
		E511C8C7166138020011464B /* gzguts.h */ = {isa = PBXFileReference; fileEncoding = 4; lastKnownFileType = sourcecode.c.h; path = gzguts.h; sourceTree = "<group>"; };
		E511C8C8166138020011464B /* gzlib.c */ = {isa = PBXFileReference; fileEncoding = 4; lastKnownFileType = sourcecode.c.c; path = gzlib.c; sourceTree = "<group>"; };
		E511C8C9166138020011464B /* gzread.c */ = {isa = PBXFileReference; fileEncoding = 4; lastKnownFileType = sourcecode.c.c; path = gzread.c; sourceTree = "<group>"; };
		E511C8CA166138020011464B /* gzwrite.c */ = {isa = PBXFileReference; fileEncoding = 4; lastKnownFileType = sourcecode.c.c; path = gzwrite.c; sourceTree = "<group>"; };
		E511C8CB166138020011464B /* infback.c */ = {isa = PBXFileReference; fileEncoding = 4; lastKnownFileType = sourcecode.c.c; path = infback.c; sourceTree = "<group>"; };
		E511C8CC166138020011464B /* inffast.c */ = {isa = PBXFileReference; fileEncoding = 4; lastKnownFileType = sourcecode.c.c; path = inffast.c; sourceTree = "<group>"; };
		E511C8CD166138020011464B /* inffast.h */ = {isa = PBXFileReference; fileEncoding = 4; lastKnownFileType = sourcecode.c.h; path = inffast.h; sourceTree = "<group>"; };
		E511C8CE166138020011464B /* inffixed.h */ = {isa = PBXFileReference; fileEncoding = 4; lastKnownFileType = sourcecode.c.h; path = inffixed.h; sourceTree = "<group>"; };
		E511C8CF166138020011464B /* inflate.c */ = {isa = PBXFileReference; fileEncoding = 4; lastKnownFileType = sourcecode.c.c; path = inflate.c; sourceTree = "<group>"; };
		E511C8D0166138020011464B /* inflate.h */ = {isa = PBXFileReference; fileEncoding = 4; lastKnownFileType = sourcecode.c.h; path = inflate.h; sourceTree = "<group>"; };
		E511C8D1166138020011464B /* inftrees.c */ = {isa = PBXFileReference; fileEncoding = 4; lastKnownFileType = sourcecode.c.c; path = inftrees.c; sourceTree = "<group>"; };
		E511C8D2166138020011464B /* inftrees.h */ = {isa = PBXFileReference; fileEncoding = 4; lastKnownFileType = sourcecode.c.h; path = inftrees.h; sourceTree = "<group>"; };
		E511C8D3166138020011464B /* trees.c */ = {isa = PBXFileReference; fileEncoding = 4; lastKnownFileType = sourcecode.c.c; path = trees.c; sourceTree = "<group>"; };
		E511C8D4166138020011464B /* trees.h */ = {isa = PBXFileReference; fileEncoding = 4; lastKnownFileType = sourcecode.c.h; path = trees.h; sourceTree = "<group>"; };
		E511C8D5166138020011464B /* uncompr.c */ = {isa = PBXFileReference; fileEncoding = 4; lastKnownFileType = sourcecode.c.c; path = uncompr.c; sourceTree = "<group>"; };
		E511C8D6166138020011464B /* zconf.h */ = {isa = PBXFileReference; fileEncoding = 4; lastKnownFileType = sourcecode.c.h; path = zconf.h; sourceTree = "<group>"; };
		E511C8D7166138020011464B /* zlib.h */ = {isa = PBXFileReference; fileEncoding = 4; lastKnownFileType = sourcecode.c.h; path = zlib.h; sourceTree = "<group>"; };
		E511C8D8166138020011464B /* zutil.c */ = {isa = PBXFileReference; fileEncoding = 4; lastKnownFileType = sourcecode.c.c; path = zutil.c; sourceTree = "<group>"; };
		E511C8D9166138020011464B /* zutil.h */ = {isa = PBXFileReference; fileEncoding = 4; lastKnownFileType = sourcecode.c.h; path = zutil.h; sourceTree = "<group>"; };
		E5216FE716555050005F2DB9 /* ProxyPodnapi.h */ = {isa = PBXFileReference; fileEncoding = 4; lastKnownFileType = sourcecode.c.h; path = ProxyPodnapi.h; sourceTree = "<group>"; };
		E5216FE816555050005F2DB9 /* ProxyPodnapi.m */ = {isa = PBXFileReference; fileEncoding = 4; lastKnownFileType = sourcecode.c.objc; path = ProxyPodnapi.m; sourceTree = "<group>"; };
		E528D29616559A68005788DA /* AboutWindow.xib */ = {isa = PBXFileReference; fileEncoding = 4; lastKnownFileType = file.xib; path = AboutWindow.xib; sourceTree = "<group>"; };
		E528D29816559AA6005788DA /* AboutWindowController.h */ = {isa = PBXFileReference; fileEncoding = 4; lastKnownFileType = sourcecode.c.h; path = AboutWindowController.h; sourceTree = "<group>"; };
		E528D29916559AA6005788DA /* AboutWindowController.m */ = {isa = PBXFileReference; fileEncoding = 4; lastKnownFileType = sourcecode.c.objc; path = AboutWindowController.m; sourceTree = "<group>"; };
		E52A28C5165E888F001AD28D /* ProxySubDB.h */ = {isa = PBXFileReference; fileEncoding = 4; lastKnownFileType = sourcecode.c.h; path = ProxySubDB.h; sourceTree = "<group>"; };
		E52A28C6165E888F001AD28D /* ProxySubDB.m */ = {isa = PBXFileReference; fileEncoding = 4; lastKnownFileType = sourcecode.c.objc; path = ProxySubDB.m; sourceTree = "<group>"; };
		E52A28C9165E9442001AD28D /* NSString+SHA256.h */ = {isa = PBXFileReference; fileEncoding = 4; lastKnownFileType = sourcecode.c.h; path = "NSString+SHA256.h"; sourceTree = "<group>"; };
		E52A28CA165E9442001AD28D /* NSString+SHA256.m */ = {isa = PBXFileReference; fileEncoding = 4; lastKnownFileType = sourcecode.c.objc; path = "NSString+SHA256.m"; sourceTree = "<group>"; };
		E52A28CC165E960B001AD28D /* NSString+MD5.h */ = {isa = PBXFileReference; fileEncoding = 4; lastKnownFileType = sourcecode.c.h; path = "NSString+MD5.h"; sourceTree = "<group>"; };
		E52A28CD165E960B001AD28D /* NSString+MD5.m */ = {isa = PBXFileReference; fileEncoding = 4; lastKnownFileType = sourcecode.c.objc; path = "NSString+MD5.m"; sourceTree = "<group>"; };
		E52A28D4165EC4BC001AD28D /* SubDBHashAlgorithm.h */ = {isa = PBXFileReference; fileEncoding = 4; lastKnownFileType = sourcecode.c.h; path = SubDBHashAlgorithm.h; sourceTree = "<group>"; };
		E52A28D5165EC4BC001AD28D /* SubDBHashAlgorithm.m */ = {isa = PBXFileReference; fileEncoding = 4; lastKnownFileType = sourcecode.c.objc; path = SubDBHashAlgorithm.m; sourceTree = "<group>"; };
		E52DFDBC165A53C6002A7AAF /* browse_button_on.png */ = {isa = PBXFileReference; lastKnownFileType = image.png; path = browse_button_on.png; sourceTree = "<group>"; };
		E52DFDBD165A53C6002A7AAF /* browse_button.png */ = {isa = PBXFileReference; lastKnownFileType = image.png; path = browse_button.png; sourceTree = "<group>"; };
		E52DFDC1165A5722002A7AAF /* download_button.png */ = {isa = PBXFileReference; lastKnownFileType = image.png; path = download_button.png; sourceTree = "<group>"; };
		E52DFDC3165A5A37002A7AAF /* DownloadButton.xib */ = {isa = PBXFileReference; fileEncoding = 4; lastKnownFileType = file.xib; path = DownloadButton.xib; sourceTree = "<group>"; };
		E52DFDCD165AAFC6002A7AAF /* SubtitlesTableView.h */ = {isa = PBXFileReference; fileEncoding = 4; lastKnownFileType = sourcecode.c.h; path = SubtitlesTableView.h; sourceTree = "<group>"; };
		E52DFDCE165AAFC6002A7AAF /* SubtitlesTableView.m */ = {isa = PBXFileReference; fileEncoding = 4; lastKnownFileType = sourcecode.c.objc; path = SubtitlesTableView.m; sourceTree = "<group>"; };
		E52DFDD0165AB074002A7AAF /* NSView+Apperance.h */ = {isa = PBXFileReference; fileEncoding = 4; lastKnownFileType = sourcecode.c.h; path = "NSView+Apperance.h"; sourceTree = "<group>"; };
		E52DFDD1165AB074002A7AAF /* NSView+Apperance.m */ = {isa = PBXFileReference; fileEncoding = 4; lastKnownFileType = sourcecode.c.objc; path = "NSView+Apperance.m"; sourceTree = "<group>"; };
		E52EAD4616625D6000C55913 /* NSString+Compare.h */ = {isa = PBXFileReference; fileEncoding = 4; lastKnownFileType = sourcecode.c.h; path = "NSString+Compare.h"; sourceTree = "<group>"; };
		E52EAD4716625D6000C55913 /* NSString+Compare.m */ = {isa = PBXFileReference; fileEncoding = 4; lastKnownFileType = sourcecode.c.objc; path = "NSString+Compare.m"; sourceTree = "<group>"; };
		E53678F216317EFF004E45E2 /* MainWindow.xib */ = {isa = PBXFileReference; fileEncoding = 4; lastKnownFileType = file.xib; name = MainWindow.xib; path = ../MainWindow.xib; sourceTree = "<group>"; };
		E539012416449B160095B36C /* DropView.h */ = {isa = PBXFileReference; fileEncoding = 4; lastKnownFileType = sourcecode.c.h; path = DropView.h; sourceTree = "<group>"; };
		E539012516449B160095B36C /* DropView.m */ = {isa = PBXFileReference; fileEncoding = 4; lastKnownFileType = sourcecode.c.objc; path = DropView.m; sourceTree = "<group>"; };
		E54702B6162F45AE000756EF /* NSData+Base64.h */ = {isa = PBXFileReference; lastKnownFileType = sourcecode.c.h; path = "NSData+Base64.h"; sourceTree = "<group>"; };
		E54702B7162F45AE000756EF /* NSData+Base64.m */ = {isa = PBXFileReference; lastKnownFileType = sourcecode.c.objc; path = "NSData+Base64.m"; sourceTree = "<group>"; };
		E54702B8162F45AE000756EF /* NSStringAdditions.h */ = {isa = PBXFileReference; lastKnownFileType = sourcecode.c.h; path = NSStringAdditions.h; sourceTree = "<group>"; };
		E54702B9162F45AE000756EF /* NSStringAdditions.m */ = {isa = PBXFileReference; lastKnownFileType = sourcecode.c.objc; path = NSStringAdditions.m; sourceTree = "<group>"; };
		E54702BA162F45AE000756EF /* XMLRPCConnection.h */ = {isa = PBXFileReference; lastKnownFileType = sourcecode.c.h; path = XMLRPCConnection.h; sourceTree = "<group>"; };
		E54702BB162F45AE000756EF /* XMLRPCConnection.m */ = {isa = PBXFileReference; lastKnownFileType = sourcecode.c.objc; path = XMLRPCConnection.m; sourceTree = "<group>"; };
		E54702BC162F45AE000756EF /* XMLRPCConnectionDelegate.h */ = {isa = PBXFileReference; lastKnownFileType = sourcecode.c.h; path = XMLRPCConnectionDelegate.h; sourceTree = "<group>"; };
		E54702BD162F45AE000756EF /* XMLRPCConnectionManager.h */ = {isa = PBXFileReference; lastKnownFileType = sourcecode.c.h; path = XMLRPCConnectionManager.h; sourceTree = "<group>"; };
		E54702BE162F45AE000756EF /* XMLRPCConnectionManager.m */ = {isa = PBXFileReference; lastKnownFileType = sourcecode.c.objc; path = XMLRPCConnectionManager.m; sourceTree = "<group>"; };
		E54702BF162F45AE000756EF /* XMLRPCDefaultEncoder.h */ = {isa = PBXFileReference; lastKnownFileType = sourcecode.c.h; path = XMLRPCDefaultEncoder.h; sourceTree = "<group>"; };
		E54702C0162F45AE000756EF /* XMLRPCDefaultEncoder.m */ = {isa = PBXFileReference; lastKnownFileType = sourcecode.c.objc; path = XMLRPCDefaultEncoder.m; sourceTree = "<group>"; };
		E54702C1162F45AE000756EF /* XMLRPCEncoder.h */ = {isa = PBXFileReference; lastKnownFileType = sourcecode.c.h; path = XMLRPCEncoder.h; sourceTree = "<group>"; };
		E54702C2162F45AE000756EF /* XMLRPCEventBasedParser.h */ = {isa = PBXFileReference; lastKnownFileType = sourcecode.c.h; path = XMLRPCEventBasedParser.h; sourceTree = "<group>"; };
		E54702C3162F45AE000756EF /* XMLRPCEventBasedParser.m */ = {isa = PBXFileReference; lastKnownFileType = sourcecode.c.objc; path = XMLRPCEventBasedParser.m; sourceTree = "<group>"; };
		E54702C4162F45AE000756EF /* XMLRPCEventBasedParserDelegate.h */ = {isa = PBXFileReference; lastKnownFileType = sourcecode.c.h; path = XMLRPCEventBasedParserDelegate.h; sourceTree = "<group>"; };
		E54702C5162F45AE000756EF /* XMLRPCEventBasedParserDelegate.m */ = {isa = PBXFileReference; lastKnownFileType = sourcecode.c.objc; path = XMLRPCEventBasedParserDelegate.m; sourceTree = "<group>"; };
		E54702C6162F45AE000756EF /* XMLRPCRequest.h */ = {isa = PBXFileReference; lastKnownFileType = sourcecode.c.h; path = XMLRPCRequest.h; sourceTree = "<group>"; };
		E54702C7162F45AE000756EF /* XMLRPCRequest.m */ = {isa = PBXFileReference; lastKnownFileType = sourcecode.c.objc; path = XMLRPCRequest.m; sourceTree = "<group>"; };
		E54702C8162F45AE000756EF /* XMLRPCResponse.h */ = {isa = PBXFileReference; lastKnownFileType = sourcecode.c.h; path = XMLRPCResponse.h; sourceTree = "<group>"; };
		E54702C9162F45AE000756EF /* XMLRPCResponse.m */ = {isa = PBXFileReference; lastKnownFileType = sourcecode.c.objc; path = XMLRPCResponse.m; sourceTree = "<group>"; };
		E54702DF162F4A27000756EF /* LoginModel.h */ = {isa = PBXFileReference; fileEncoding = 4; lastKnownFileType = sourcecode.c.h; path = LoginModel.h; sourceTree = "<group>"; };
		E54702E0162F4A27000756EF /* LoginModel.m */ = {isa = PBXFileReference; fileEncoding = 4; lastKnownFileType = sourcecode.c.objc; path = LoginModel.m; sourceTree = "<group>"; };
		E54702E2162F4DD9000756EF /* Proxy.h */ = {isa = PBXFileReference; fileEncoding = 4; lastKnownFileType = sourcecode.c.h; path = Proxy.h; sourceTree = "<group>"; };
		E54702E3162F4DD9000756EF /* Proxy.m */ = {isa = PBXFileReference; fileEncoding = 4; lastKnownFileType = sourcecode.c.objc; path = Proxy.m; sourceTree = "<group>"; };
		E565FE4C16457096006D34FC /* drop.png */ = {isa = PBXFileReference; lastKnownFileType = image.png; path = drop.png; sourceTree = "<group>"; };
		E57676EB1660653800AD37F1 /* ProxyDelegate.h */ = {isa = PBXFileReference; lastKnownFileType = sourcecode.c.h; path = ProxyDelegate.h; sourceTree = "<group>"; };
		E591D5521626D3A900AFEC92 /* Subtitles Downloader.app */ = {isa = PBXFileReference; explicitFileType = wrapper.application; includeInIndex = 0; path = "Subtitles Downloader.app"; sourceTree = BUILT_PRODUCTS_DIR; };
		E591D5561626D3A900AFEC92 /* Cocoa.framework */ = {isa = PBXFileReference; lastKnownFileType = wrapper.framework; name = Cocoa.framework; path = System/Library/Frameworks/Cocoa.framework; sourceTree = SDKROOT; };
		E591D5591626D3A900AFEC92 /* AppKit.framework */ = {isa = PBXFileReference; lastKnownFileType = wrapper.framework; name = AppKit.framework; path = System/Library/Frameworks/AppKit.framework; sourceTree = SDKROOT; };
		E591D55A1626D3A900AFEC92 /* CoreData.framework */ = {isa = PBXFileReference; lastKnownFileType = wrapper.framework; name = CoreData.framework; path = System/Library/Frameworks/CoreData.framework; sourceTree = SDKROOT; };
		E591D55B1626D3A900AFEC92 /* Foundation.framework */ = {isa = PBXFileReference; lastKnownFileType = wrapper.framework; name = Foundation.framework; path = System/Library/Frameworks/Foundation.framework; sourceTree = SDKROOT; };
		E591D55E1626D3A900AFEC92 /* Subtitles Downloader-Info.plist */ = {isa = PBXFileReference; lastKnownFileType = text.plist.xml; path = "Subtitles Downloader-Info.plist"; sourceTree = "<group>"; };
		E591D5601626D3A900AFEC92 /* en */ = {isa = PBXFileReference; lastKnownFileType = text.plist.strings; name = en; path = en.lproj/InfoPlist.strings; sourceTree = "<group>"; };
		E591D5621626D3A900AFEC92 /* main.m */ = {isa = PBXFileReference; lastKnownFileType = sourcecode.c.objc; path = main.m; sourceTree = "<group>"; };
		E591D5641626D3A900AFEC92 /* Subtitles Downloader-Prefix.pch */ = {isa = PBXFileReference; lastKnownFileType = sourcecode.c.h; path = "Subtitles Downloader-Prefix.pch"; sourceTree = "<group>"; };
		E591D5661626D3A900AFEC92 /* en */ = {isa = PBXFileReference; lastKnownFileType = text.rtf; name = en; path = en.lproj/Credits.rtf; sourceTree = "<group>"; };
		E591D5681626D3A900AFEC92 /* AppDelegate.h */ = {isa = PBXFileReference; lastKnownFileType = sourcecode.c.h; path = AppDelegate.h; sourceTree = "<group>"; };
		E591D5691626D3A900AFEC92 /* AppDelegate.m */ = {isa = PBXFileReference; lastKnownFileType = sourcecode.c.objc; path = AppDelegate.m; sourceTree = "<group>"; };
		E591D56C1626D3AA00AFEC92 /* en */ = {isa = PBXFileReference; lastKnownFileType = file.xib; name = en; path = en.lproj/MainMenu.xib; sourceTree = "<group>"; };
		E5931A8C165922C60058C622 /* NSAttributedString+Hyperlink.h */ = {isa = PBXFileReference; fileEncoding = 4; lastKnownFileType = sourcecode.c.h; path = "NSAttributedString+Hyperlink.h"; sourceTree = "<group>"; };
		E5931A8D165922C60058C622 /* NSAttributedString+Hyperlink.m */ = {isa = PBXFileReference; fileEncoding = 4; lastKnownFileType = sourcecode.c.objc; path = "NSAttributedString+Hyperlink.m"; sourceTree = "<group>"; };
		E5999DA61652897800AE4CE7 /* MASPreferencesViewController.h */ = {isa = PBXFileReference; lastKnownFileType = sourcecode.c.h; path = MASPreferencesViewController.h; sourceTree = "<group>"; };
		E5999DA71652897800AE4CE7 /* MASPreferencesWindow.xib */ = {isa = PBXFileReference; lastKnownFileType = file.xib; path = MASPreferencesWindow.xib; sourceTree = "<group>"; };
		E5999DA81652897800AE4CE7 /* MASPreferencesWindowController.h */ = {isa = PBXFileReference; lastKnownFileType = sourcecode.c.h; path = MASPreferencesWindowController.h; sourceTree = "<group>"; };
		E5999DA91652897800AE4CE7 /* MASPreferencesWindowController.m */ = {isa = PBXFileReference; lastKnownFileType = sourcecode.c.objc; path = MASPreferencesWindowController.m; sourceTree = "<group>"; };
		E5999DAF16528D6F00AE4CE7 /* GeneralPreferencesViewController.h */ = {isa = PBXFileReference; lastKnownFileType = sourcecode.c.h; path = GeneralPreferencesViewController.h; sourceTree = "<group>"; };
		E5999DB016528D6F00AE4CE7 /* GeneralPreferencesViewController.m */ = {isa = PBXFileReference; lastKnownFileType = sourcecode.c.objc; path = GeneralPreferencesViewController.m; sourceTree = "<group>"; };
		E5999DB116528D6F00AE4CE7 /* GeneralPreferencesView.xib */ = {isa = PBXFileReference; lastKnownFileType = file.xib; path = GeneralPreferencesView.xib; sourceTree = "<group>"; };
		E5A2C95D164CA01700B5B3D7 /* SubsTableRow.h */ = {isa = PBXFileReference; fileEncoding = 4; lastKnownFileType = sourcecode.c.h; path = SubsTableRow.h; sourceTree = "<group>"; };
		E5A2C95E164CA01700B5B3D7 /* SubsTableRow.m */ = {isa = PBXFileReference; fileEncoding = 4; lastKnownFileType = sourcecode.c.objc; path = SubsTableRow.m; sourceTree = "<group>"; };
		E5AC9310162F6E29001F39E0 /* SearchModel.h */ = {isa = PBXFileReference; fileEncoding = 4; lastKnownFileType = sourcecode.c.h; path = SearchModel.h; sourceTree = "<group>"; };
		E5AC9311162F6E29001F39E0 /* SearchModel.m */ = {isa = PBXFileReference; fileEncoding = 4; lastKnownFileType = sourcecode.c.objc; path = SearchModel.m; sourceTree = "<group>"; };
		E5C21E441630BBE8006D125B /* MainWindowController.h */ = {isa = PBXFileReference; fileEncoding = 4; lastKnownFileType = sourcecode.c.h; name = MainWindowController.h; path = ../MainWindowController.h; sourceTree = "<group>"; };
		E5C21E451630BBE8006D125B /* MainWindowController.m */ = {isa = PBXFileReference; fileEncoding = 4; lastKnownFileType = sourcecode.c.objc; name = MainWindowController.m; path = ../MainWindowController.m; sourceTree = "<group>"; };
		E5CECE5D165464E300D1D3C5 /* Alerter.h */ = {isa = PBXFileReference; fileEncoding = 4; lastKnownFileType = sourcecode.c.h; path = Alerter.h; sourceTree = "<group>"; };
		E5CECE5E165464E300D1D3C5 /* Alerter.m */ = {isa = PBXFileReference; fileEncoding = 4; lastKnownFileType = sourcecode.c.objc; path = Alerter.m; sourceTree = "<group>"; };
		E5D169D7163590400002848B /* bg.png */ = {isa = PBXFileReference; lastKnownFileType = image.png; path = bg.png; sourceTree = "<group>"; };
		E5D169E216359FEF0002848B /* 325.gif */ = {isa = PBXFileReference; lastKnownFileType = image.gif; path = 325.gif; sourceTree = "<group>"; };
		E5D69773165C362900376187 /* MovieModel.h */ = {isa = PBXFileReference; fileEncoding = 4; lastKnownFileType = sourcecode.c.h; path = MovieModel.h; sourceTree = "<group>"; };
		E5D69774165C362900376187 /* MovieModel.m */ = {isa = PBXFileReference; fileEncoding = 4; lastKnownFileType = sourcecode.c.objc; path = MovieModel.m; sourceTree = "<group>"; };
		E5D74ABD1630434900FC56E3 /* OrderedDictionary.h */ = {isa = PBXFileReference; lastKnownFileType = sourcecode.c.h; path = OrderedDictionary.h; sourceTree = "<group>"; };
		E5D74ABE1630434900FC56E3 /* OrderedDictionary.m */ = {isa = PBXFileReference; lastKnownFileType = sourcecode.c.objc; path = OrderedDictionary.m; sourceTree = "<group>"; };
		E5E6B9BD162F8E9800BD9D35 /* OSHashAlgorithm.h */ = {isa = PBXFileReference; fileEncoding = 4; lastKnownFileType = sourcecode.c.h; path = OSHashAlgorithm.h; sourceTree = "<group>"; };
		E5E6B9BE162F8E9800BD9D35 /* OSHashAlgorithm.m */ = {isa = PBXFileReference; fileEncoding = 4; lastKnownFileType = sourcecode.c.objc; path = OSHashAlgorithm.m; sourceTree = "<group>"; };
		E5F15F02165AEB1600EBCAC2 /* ProxyPodnapisiXML.h */ = {isa = PBXFileReference; fileEncoding = 4; lastKnownFileType = sourcecode.c.h; path = ProxyPodnapisiXML.h; sourceTree = "<group>"; };
		E5F15F03165AEB1600EBCAC2 /* ProxyPodnapisiXML.m */ = {isa = PBXFileReference; fileEncoding = 4; lastKnownFileType = sourcecode.c.objc; path = ProxyPodnapisiXML.m; sourceTree = "<group>"; };
		E5F2F48D1650302400A83303 /* libz.dylib */ = {isa = PBXFileReference; lastKnownFileType = "compiled.mach-o.dylib"; name = libz.dylib; path = usr/lib/libz.dylib; sourceTree = SDKROOT; };
		E5F2F48F1650330500A83303 /* NSData+GZIP.h */ = {isa = PBXFileReference; lastKnownFileType = sourcecode.c.h; path = "NSData+GZIP.h"; sourceTree = "<group>"; };
		E5F2F4901650330500A83303 /* NSData+GZIP.m */ = {isa = PBXFileReference; lastKnownFileType = sourcecode.c.objc; path = "NSData+GZIP.m"; sourceTree = "<group>"; };
/* End PBXFileReference section */

/* Begin PBXFrameworksBuildPhase section */
		E591D54F1626D3A900AFEC92 /* Frameworks */ = {
			isa = PBXFrameworksBuildPhase;
			buildActionMask = 2147483647;
			files = (
				E5F2F48E1650302400A83303 /* libz.dylib in Frameworks */,
				E52CD9081628570A007DD062 /* Foundation.framework in Frameworks */,
				E52CD90716285705007DD062 /* CoreData.framework in Frameworks */,
				E52CD906162856FE007DD062 /* AppKit.framework in Frameworks */,
			);
			runOnlyForDeploymentPostprocessing = 0;
		};
/* End PBXFrameworksBuildPhase section */

/* Begin PBXGroup section */
		E511C8A8166137D80011464B /* Objective-Zip */ = {
			isa = PBXGroup;
			children = (
				E511C8AA166138020011464B /* MiniZip */,
				E511C8B4166138020011464B /* Objective-Zip */,
				E511C8BF166138020011464B /* ZLib */,
			);
			name = "Objective-Zip";
			sourceTree = "<group>";
		};
		E511C8AA166138020011464B /* MiniZip */ = {
			isa = PBXGroup;
			children = (
				E511C8AB166138020011464B /* crypt.h */,
				E511C8AC166138020011464B /* ioapi.c */,
				E511C8AD166138020011464B /* ioapi.h */,
				E511C8AE166138020011464B /* mztools.c */,
				E511C8AF166138020011464B /* mztools.h */,
				E511C8B0166138020011464B /* unzip.c */,
				E511C8B1166138020011464B /* unzip.h */,
				E511C8B2166138020011464B /* zip.c */,
				E511C8B3166138020011464B /* zip.h */,
			);
			path = MiniZip;
			sourceTree = "<group>";
		};
		E511C8B4166138020011464B /* Objective-Zip */ = {
			isa = PBXGroup;
			children = (
				E511C8B5166138020011464B /* FileInZipInfo.h */,
				E511C8B6166138020011464B /* FileInZipInfo.m */,
				E511C8B7166138020011464B /* ZipException.h */,
				E511C8B8166138020011464B /* ZipException.m */,
				E511C8B9166138020011464B /* ZipFile.h */,
				E511C8BA166138020011464B /* ZipFile.m */,
				E511C8BB166138020011464B /* ZipReadStream.h */,
				E511C8BC166138020011464B /* ZipReadStream.m */,
				E511C8BD166138020011464B /* ZipWriteStream.h */,
				E511C8BE166138020011464B /* ZipWriteStream.m */,
			);
			path = "Objective-Zip";
			sourceTree = "<group>";
		};
		E511C8BF166138020011464B /* ZLib */ = {
			isa = PBXGroup;
			children = (
				E511C8C0166138020011464B /* adler32.c */,
				E511C8C1166138020011464B /* compress.c */,
				E511C8C2166138020011464B /* crc32.c */,
				E511C8C3166138020011464B /* crc32.h */,
				E511C8C4166138020011464B /* deflate.c */,
				E511C8C5166138020011464B /* deflate.h */,
				E511C8C6166138020011464B /* gzclose.c */,
				E511C8C7166138020011464B /* gzguts.h */,
				E511C8C8166138020011464B /* gzlib.c */,
				E511C8C9166138020011464B /* gzread.c */,
				E511C8CA166138020011464B /* gzwrite.c */,
				E511C8CB166138020011464B /* infback.c */,
				E511C8CC166138020011464B /* inffast.c */,
				E511C8CD166138020011464B /* inffast.h */,
				E511C8CE166138020011464B /* inffixed.h */,
				E511C8CF166138020011464B /* inflate.c */,
				E511C8D0166138020011464B /* inflate.h */,
				E511C8D1166138020011464B /* inftrees.c */,
				E511C8D2166138020011464B /* inftrees.h */,
				E511C8D3166138020011464B /* trees.c */,
				E511C8D4166138020011464B /* trees.h */,
				E511C8D5166138020011464B /* uncompr.c */,
				E511C8D6166138020011464B /* zconf.h */,
				E511C8D7166138020011464B /* zlib.h */,
				E511C8D8166138020011464B /* zutil.c */,
				E511C8D9166138020011464B /* zutil.h */,
			);
			path = ZLib;
			sourceTree = "<group>";
		};
		E528D29416559A08005788DA /* About */ = {
			isa = PBXGroup;
			children = (
				E528D29616559A68005788DA /* AboutWindow.xib */,
				E528D29816559AA6005788DA /* AboutWindowController.h */,
				E528D29916559AA6005788DA /* AboutWindowController.m */,
			);
			name = About;
			sourceTree = "<group>";
		};
		E5347BD2162F297000639873 /* XMLRPC */ = {
			isa = PBXGroup;
			children = (
				E54702B6162F45AE000756EF /* NSData+Base64.h */,
				E54702B7162F45AE000756EF /* NSData+Base64.m */,
				E54702B8162F45AE000756EF /* NSStringAdditions.h */,
				E54702B9162F45AE000756EF /* NSStringAdditions.m */,
				E54702BA162F45AE000756EF /* XMLRPCConnection.h */,
				E54702BB162F45AE000756EF /* XMLRPCConnection.m */,
				E54702BC162F45AE000756EF /* XMLRPCConnectionDelegate.h */,
				E54702BD162F45AE000756EF /* XMLRPCConnectionManager.h */,
				E54702BE162F45AE000756EF /* XMLRPCConnectionManager.m */,
				E54702BF162F45AE000756EF /* XMLRPCDefaultEncoder.h */,
				E54702C0162F45AE000756EF /* XMLRPCDefaultEncoder.m */,
				E54702C1162F45AE000756EF /* XMLRPCEncoder.h */,
				E54702C2162F45AE000756EF /* XMLRPCEventBasedParser.h */,
				E54702C3162F45AE000756EF /* XMLRPCEventBasedParser.m */,
				E54702C4162F45AE000756EF /* XMLRPCEventBasedParserDelegate.h */,
				E54702C5162F45AE000756EF /* XMLRPCEventBasedParserDelegate.m */,
				E54702C6162F45AE000756EF /* XMLRPCRequest.h */,
				E54702C7162F45AE000756EF /* XMLRPCRequest.m */,
				E54702C8162F45AE000756EF /* XMLRPCResponse.h */,
				E54702C9162F45AE000756EF /* XMLRPCResponse.m */,
			);
			name = XMLRPC;
			sourceTree = "<group>";
		};
		E54058DD1656A00D00D02816 /* Proxies */ = {
			isa = PBXGroup;
			children = (
				E54702E2162F4DD9000756EF /* Proxy.h */,
				E54702E3162F4DD9000756EF /* Proxy.m */,
				E5216FE716555050005F2DB9 /* ProxyPodnapi.h */,
				E5216FE816555050005F2DB9 /* ProxyPodnapi.m */,
				E5F15F02165AEB1600EBCAC2 /* ProxyPodnapisiXML.h */,
				E5F15F03165AEB1600EBCAC2 /* ProxyPodnapisiXML.m */,
				E52A28C5165E888F001AD28D /* ProxySubDB.h */,
				E52A28C6165E888F001AD28D /* ProxySubDB.m */,
			);
			name = Proxies;
			sourceTree = "<group>";
		};
		E54702DE162F4A0A000756EF /* Models */ = {
			isa = PBXGroup;
			children = (
				E54702DF162F4A27000756EF /* LoginModel.h */,
				E54702E0162F4A27000756EF /* LoginModel.m */,
				E5AC9310162F6E29001F39E0 /* SearchModel.h */,
				E5AC9311162F6E29001F39E0 /* SearchModel.m */,
				E5D69773165C362900376187 /* MovieModel.h */,
				E5D69774165C362900376187 /* MovieModel.m */,
			);
			name = Models;
			sourceTree = "<group>";
		};
		E57676EC1660654800AD37F1 /* Protocols */ = {
			isa = PBXGroup;
			children = (
				E57676EB1660653800AD37F1 /* ProxyDelegate.h */,
			);
			name = Protocols;
			sourceTree = "<group>";
		};
		E591D5471626D3A900AFEC92 = {
			isa = PBXGroup;
			children = (
				E511C8A8166137D80011464B /* Objective-Zip */,
				E5F2F48D1650302400A83303 /* libz.dylib */,
				E505D84D163C2AD9001132FB /* icon.icns */,
				E5999DA51652896800AE4CE7 /* MASPreferences */,
				E5347BD2162F297000639873 /* XMLRPC */,
				E591D55C1626D3A900AFEC92 /* SubtitlesDownloader */,
				E591D5551626D3A900AFEC92 /* Frameworks */,
				E591D5531626D3A900AFEC92 /* Products */,
			);
			sourceTree = "<group>";
		};
		E591D5531626D3A900AFEC92 /* Products */ = {
			isa = PBXGroup;
			children = (
				E591D5521626D3A900AFEC92 /* Subtitles Downloader.app */,
			);
			name = Products;
			sourceTree = "<group>";
		};
		E591D5551626D3A900AFEC92 /* Frameworks */ = {
			isa = PBXGroup;
			children = (
				E591D5561626D3A900AFEC92 /* Cocoa.framework */,
				E591D5581626D3A900AFEC92 /* Other Frameworks */,
			);
			name = Frameworks;
			sourceTree = "<group>";
		};
		E591D5581626D3A900AFEC92 /* Other Frameworks */ = {
			isa = PBXGroup;
			children = (
				E591D5591626D3A900AFEC92 /* AppKit.framework */,
				E591D55A1626D3A900AFEC92 /* CoreData.framework */,
				E591D55B1626D3A900AFEC92 /* Foundation.framework */,
			);
			name = "Other Frameworks";
			sourceTree = "<group>";
		};
		E591D55C1626D3A900AFEC92 /* SubtitlesDownloader */ = {
			isa = PBXGroup;
			children = (
				E57676EC1660654800AD37F1 /* Protocols */,
				E5931A87165922420058C622 /* Categories */,
				E54058DD1656A00D00D02816 /* Proxies */,
				E528D29416559A08005788DA /* About */,
				E5999DAE16528C0300AE4CE7 /* Preferences */,
				E5EC0AA41630548500FD2D0B /* CustomClasses */,
				E5AC930E162F6D20001F39E0 /* Views */,
				E5AC930D162F6CFF001F39E0 /* Controllers */,
				E54702DE162F4A0A000756EF /* Models */,
				E591D5681626D3A900AFEC92 /* AppDelegate.h */,
				E591D5691626D3A900AFEC92 /* AppDelegate.m */,
				E591D55D1626D3A900AFEC92 /* Supporting Files */,
			);
			name = SubtitlesDownloader;
			path = ActionsTest;
			sourceTree = "<group>";
		};
		E591D55D1626D3A900AFEC92 /* Supporting Files */ = {
			isa = PBXGroup;
			children = (
				E52DFDBC165A53C6002A7AAF /* browse_button_on.png */,
				E52DFDC1165A5722002A7AAF /* download_button.png */,
				E52DFDBD165A53C6002A7AAF /* browse_button.png */,
				E565FE4C16457096006D34FC /* drop.png */,
				E5D169E216359FEF0002848B /* 325.gif */,
				E5D169D7163590400002848B /* bg.png */,
				E591D55E1626D3A900AFEC92 /* Subtitles Downloader-Info.plist */,
				E591D55F1626D3A900AFEC92 /* InfoPlist.strings */,
				E591D5621626D3A900AFEC92 /* main.m */,
				E591D5641626D3A900AFEC92 /* Subtitles Downloader-Prefix.pch */,
				E591D5651626D3A900AFEC92 /* Credits.rtf */,
			);
			name = "Supporting Files";
			sourceTree = "<group>";
		};
		E5931A87165922420058C622 /* Categories */ = {
			isa = PBXGroup;
			children = (
				E5F2F48F1650330500A83303 /* NSData+GZIP.h */,
				E5F2F4901650330500A83303 /* NSData+GZIP.m */,
				E5931A8C165922C60058C622 /* NSAttributedString+Hyperlink.h */,
				E5931A8D165922C60058C622 /* NSAttributedString+Hyperlink.m */,
				E52DFDD0165AB074002A7AAF /* NSView+Apperance.h */,
				E52DFDD1165AB074002A7AAF /* NSView+Apperance.m */,
				E52A28C9165E9442001AD28D /* NSString+SHA256.h */,
				E52A28CA165E9442001AD28D /* NSString+SHA256.m */,
				E52A28CC165E960B001AD28D /* NSString+MD5.h */,
				E52A28CD165E960B001AD28D /* NSString+MD5.m */,
				E52EAD4616625D6000C55913 /* NSString+Compare.h */,
				E52EAD4716625D6000C55913 /* NSString+Compare.m */,
			);
			name = Categories;
			sourceTree = "<group>";
		};
		E5999DA51652896800AE4CE7 /* MASPreferences */ = {
			isa = PBXGroup;
			children = (
				E5999DA61652897800AE4CE7 /* MASPreferencesViewController.h */,
				E5999DA71652897800AE4CE7 /* MASPreferencesWindow.xib */,
				E5999DA81652897800AE4CE7 /* MASPreferencesWindowController.h */,
				E5999DA91652897800AE4CE7 /* MASPreferencesWindowController.m */,
			);
			name = MASPreferences;
			path = ActionsTest;
			sourceTree = "<group>";
		};
		E5999DAE16528C0300AE4CE7 /* Preferences */ = {
			isa = PBXGroup;
			children = (
				E5999DAF16528D6F00AE4CE7 /* GeneralPreferencesViewController.h */,
				E5999DB016528D6F00AE4CE7 /* GeneralPreferencesViewController.m */,
				E5999DB116528D6F00AE4CE7 /* GeneralPreferencesView.xib */,
			);
			name = Preferences;
			sourceTree = "<group>";
		};
		E5AC930D162F6CFF001F39E0 /* Controllers */ = {
			isa = PBXGroup;
			children = (
				E5C21E441630BBE8006D125B /* MainWindowController.h */,
				E5C21E451630BBE8006D125B /* MainWindowController.m */,
			);
			name = Controllers;
			sourceTree = "<group>";
		};
		E5AC930E162F6D20001F39E0 /* Views */ = {
			isa = PBXGroup;
			children = (
				E53678F216317EFF004E45E2 /* MainWindow.xib */,
				E591D56B1626D3AA00AFEC92 /* MainMenu.xib */,
				E539012416449B160095B36C /* DropView.h */,
				E539012516449B160095B36C /* DropView.m */,
				E5A2C95D164CA01700B5B3D7 /* SubsTableRow.h */,
				E5A2C95E164CA01700B5B3D7 /* SubsTableRow.m */,
				E5088999165163FA004835C3 /* DisablerView.h */,
				E508899A165163FA004835C3 /* DisablerView.m */,
				E52DFDC3165A5A37002A7AAF /* DownloadButton.xib */,
				E52DFDCD165AAFC6002A7AAF /* SubtitlesTableView.h */,
				E52DFDCE165AAFC6002A7AAF /* SubtitlesTableView.m */,
			);
			name = Views;
			sourceTree = "<group>";
		};
		E5EC0AA41630548500FD2D0B /* CustomClasses */ = {
			isa = PBXGroup;
			children = (
				E5D74ABD1630434900FC56E3 /* OrderedDictionary.h */,
				E5D74ABE1630434900FC56E3 /* OrderedDictionary.m */,
				E5E6B9BD162F8E9800BD9D35 /* OSHashAlgorithm.h */,
				E5E6B9BE162F8E9800BD9D35 /* OSHashAlgorithm.m */,
				E5CECE5D165464E300D1D3C5 /* Alerter.h */,
				E5CECE5E165464E300D1D3C5 /* Alerter.m */,
				E52A28D4165EC4BC001AD28D /* SubDBHashAlgorithm.h */,
				E52A28D5165EC4BC001AD28D /* SubDBHashAlgorithm.m */,
			);
			name = CustomClasses;
			sourceTree = "<group>";
		};
/* End PBXGroup section */

/* Begin PBXNativeTarget section */
		E591D5511626D3A900AFEC92 /* Subtitles Downloader */ = {
			isa = PBXNativeTarget;
			buildConfigurationList = E591D5701626D3AA00AFEC92 /* Build configuration list for PBXNativeTarget "Subtitles Downloader" */;
			buildPhases = (
				E591D54E1626D3A900AFEC92 /* Sources */,
				E591D54F1626D3A900AFEC92 /* Frameworks */,
				E591D5501626D3A900AFEC92 /* Resources */,
			);
			buildRules = (
			);
			dependencies = (
			);
			name = "Subtitles Downloader";
			productName = ActionsTest;
			productReference = E591D5521626D3A900AFEC92 /* Subtitles Downloader.app */;
			productType = "com.apple.product-type.application";
		};
/* End PBXNativeTarget section */

/* Begin PBXProject section */
		E591D5491626D3A900AFEC92 /* Project object */ = {
			isa = PBXProject;
			attributes = {
				LastUpgradeCheck = 0450;
				ORGANIZATIONNAME = "Pawel Witkowski";
			};
			buildConfigurationList = E591D54C1626D3A900AFEC92 /* Build configuration list for PBXProject "Subtitles Downloader" */;
			compatibilityVersion = "Xcode 3.2";
			developmentRegion = English;
			hasScannedForEncodings = 0;
			knownRegions = (
				en,
				English,
			);
			mainGroup = E591D5471626D3A900AFEC92;
			productRefGroup = E591D5531626D3A900AFEC92 /* Products */;
			projectDirPath = "";
			projectRoot = "";
			targets = (
				E591D5511626D3A900AFEC92 /* Subtitles Downloader */,
			);
		};
/* End PBXProject section */

/* Begin PBXResourcesBuildPhase section */
		E591D5501626D3A900AFEC92 /* Resources */ = {
			isa = PBXResourcesBuildPhase;
			buildActionMask = 2147483647;
			files = (
				E5999DB91652912300AE4CE7 /* GeneralPreferencesView.xib in Resources */,
				E5999DB8165290D300AE4CE7 /* MASPreferencesWindow.xib in Resources */,
				E591D5611626D3A900AFEC92 /* InfoPlist.strings in Resources */,
				E591D5671626D3A900AFEC92 /* Credits.rtf in Resources */,
				E591D56D1626D3AA00AFEC92 /* MainMenu.xib in Resources */,
				E53678F316317EFF004E45E2 /* MainWindow.xib in Resources */,
				E5D169D8163590400002848B /* bg.png in Resources */,
				E5D169E316359FEF0002848B /* 325.gif in Resources */,
				E505D84E163C2AD9001132FB /* icon.icns in Resources */,
				E565FE4D16457096006D34FC /* drop.png in Resources */,
				E528D29716559A68005788DA /* AboutWindow.xib in Resources */,
				E52DFDBE165A53C6002A7AAF /* browse_button_on.png in Resources */,
				E52DFDBF165A53C6002A7AAF /* browse_button.png in Resources */,
				E52DFDC2165A5722002A7AAF /* download_button.png in Resources */,
				E52DFDC4165A5A37002A7AAF /* DownloadButton.xib in Resources */,
			);
			runOnlyForDeploymentPostprocessing = 0;
		};
/* End PBXResourcesBuildPhase section */

/* Begin PBXSourcesBuildPhase section */
		E591D54E1626D3A900AFEC92 /* Sources */ = {
			isa = PBXSourcesBuildPhase;
			buildActionMask = 2147483647;
			files = (
				E5999DB716528F4600AE4CE7 /* MASPreferencesWindowController.m in Sources */,
				E5999DB516528EF900AE4CE7 /* GeneralPreferencesViewController.m in Sources */,
				E5F2F4911650444C00A83303 /* NSData+GZIP.m in Sources */,
				E5D74AC1163044EE00FC56E3 /* OrderedDictionary.m in Sources */,
				E54702CB162F45BE000756EF /* NSData+Base64.m in Sources */,
				E54702CD162F45BE000756EF /* NSStringAdditions.m in Sources */,
				E54702CF162F45BE000756EF /* XMLRPCConnection.m in Sources */,
				E54702D2162F45BE000756EF /* XMLRPCConnectionManager.m in Sources */,
				E54702D4162F45BE000756EF /* XMLRPCDefaultEncoder.m in Sources */,
				E54702D7162F45BE000756EF /* XMLRPCEventBasedParser.m in Sources */,
				E54702D9162F45BE000756EF /* XMLRPCEventBasedParserDelegate.m in Sources */,
				E54702DB162F45BE000756EF /* XMLRPCRequest.m in Sources */,
				E54702DD162F45BE000756EF /* XMLRPCResponse.m in Sources */,
				E5C21E461630BBE8006D125B /* MainWindowController.m in Sources */,
				E591D5631626D3A900AFEC92 /* main.m in Sources */,
				E591D56A1626D3A900AFEC92 /* AppDelegate.m in Sources */,
				E54702E1162F4A27000756EF /* LoginModel.m in Sources */,
				E54702E4162F4DD9000756EF /* Proxy.m in Sources */,
				E5AC9312162F6E29001F39E0 /* SearchModel.m in Sources */,
				E5E6B9BF162F8E9800BD9D35 /* OSHashAlgorithm.m in Sources */,
				E539012616449B160095B36C /* DropView.m in Sources */,
				E5A2C95F164CA01700B5B3D7 /* SubsTableRow.m in Sources */,
				E508899B165163FA004835C3 /* DisablerView.m in Sources */,
				E5CECE5F165464E300D1D3C5 /* Alerter.m in Sources */,
				E5216FE916555050005F2DB9 /* ProxyPodnapi.m in Sources */,
				E528D29A16559AA6005788DA /* AboutWindowController.m in Sources */,
				E5931A8E165922C60058C622 /* NSAttributedString+Hyperlink.m in Sources */,
				E52DFDCF165AAFC6002A7AAF /* SubtitlesTableView.m in Sources */,
				E52DFDD2165AB074002A7AAF /* NSView+Apperance.m in Sources */,
				E5F15F04165AEB1600EBCAC2 /* ProxyPodnapisiXML.m in Sources */,
				E5D69775165C362900376187 /* MovieModel.m in Sources */,
				E52A28C7165E888F001AD28D /* ProxySubDB.m in Sources */,
				E52A28CB165E9442001AD28D /* NSString+SHA256.m in Sources */,
				E52A28CE165E960B001AD28D /* NSString+MD5.m in Sources */,
				E52A28D6165EC4BC001AD28D /* SubDBHashAlgorithm.m in Sources */,
				E511C8DA166138020011464B /* ioapi.c in Sources */,
				E511C8DB166138020011464B /* mztools.c in Sources */,
				E511C8DC166138020011464B /* unzip.c in Sources */,
				E511C8DD166138020011464B /* zip.c in Sources */,
				E511C8DE166138020011464B /* FileInZipInfo.m in Sources */,
				E511C8DF166138020011464B /* ZipException.m in Sources */,
				E511C8E0166138020011464B /* ZipFile.m in Sources */,
				E511C8E1166138020011464B /* ZipReadStream.m in Sources */,
				E511C8E2166138020011464B /* ZipWriteStream.m in Sources */,
				E511C8E3166138020011464B /* adler32.c in Sources */,
				E511C8E4166138020011464B /* compress.c in Sources */,
				E511C8E5166138020011464B /* crc32.c in Sources */,
				E511C8E6166138020011464B /* deflate.c in Sources */,
				E511C8E7166138020011464B /* gzclose.c in Sources */,
				E511C8E8166138020011464B /* gzlib.c in Sources */,
				E511C8E9166138020011464B /* gzread.c in Sources */,
				E511C8EA166138020011464B /* gzwrite.c in Sources */,
				E511C8EB166138020011464B /* infback.c in Sources */,
				E511C8EC166138020011464B /* inffast.c in Sources */,
				E511C8ED166138020011464B /* inflate.c in Sources */,
				E511C8EE166138020011464B /* inftrees.c in Sources */,
				E511C8EF166138020011464B /* trees.c in Sources */,
				E511C8F0166138020011464B /* uncompr.c in Sources */,
				E511C8F1166138020011464B /* zutil.c in Sources */,
				E52EAD4816625D6000C55913 /* NSString+Compare.m in Sources */,
			);
			runOnlyForDeploymentPostprocessing = 0;
		};
/* End PBXSourcesBuildPhase section */

/* Begin PBXVariantGroup section */
		E591D55F1626D3A900AFEC92 /* InfoPlist.strings */ = {
			isa = PBXVariantGroup;
			children = (
				E591D5601626D3A900AFEC92 /* en */,
			);
			name = InfoPlist.strings;
			sourceTree = "<group>";
		};
		E591D5651626D3A900AFEC92 /* Credits.rtf */ = {
			isa = PBXVariantGroup;
			children = (
				E591D5661626D3A900AFEC92 /* en */,
			);
			name = Credits.rtf;
			sourceTree = "<group>";
		};
		E591D56B1626D3AA00AFEC92 /* MainMenu.xib */ = {
			isa = PBXVariantGroup;
			children = (
				E591D56C1626D3AA00AFEC92 /* en */,
			);
			name = MainMenu.xib;
			sourceTree = "<group>";
		};
/* End PBXVariantGroup section */

/* Begin XCBuildConfiguration section */
		E591D56E1626D3AA00AFEC92 /* Debug */ = {
			isa = XCBuildConfiguration;
			buildSettings = {
				ALWAYS_SEARCH_USER_PATHS = NO;
				ARCHS = "$(ARCHS_STANDARD_64_BIT)";
				CLANG_CXX_LANGUAGE_STANDARD = "gnu++0x";
				CLANG_CXX_LIBRARY = "libc++";
				CLANG_ENABLE_OBJC_ARC = YES;
				CLANG_WARN_EMPTY_BODY = YES;
				CLANG_WARN__DUPLICATE_METHOD_MATCH = YES;
				COPY_PHASE_STRIP = NO;
				GCC_C_LANGUAGE_STANDARD = gnu99;
				GCC_DYNAMIC_NO_PIC = NO;
				GCC_ENABLE_OBJC_EXCEPTIONS = YES;
				GCC_OPTIMIZATION_LEVEL = 0;
				GCC_PREPROCESSOR_DEFINITIONS = (
					"DEBUG=1",
					"$(inherited)",
				);
				GCC_SYMBOLS_PRIVATE_EXTERN = NO;
				GCC_WARN_64_TO_32_BIT_CONVERSION = YES;
				GCC_WARN_ABOUT_RETURN_TYPE = YES;
				GCC_WARN_UNINITIALIZED_AUTOS = YES;
				GCC_WARN_UNUSED_VARIABLE = YES;
				MACOSX_DEPLOYMENT_TARGET = 10.6;
				ONLY_ACTIVE_ARCH = YES;
				SDKROOT = macosx;
			};
			name = Debug;
		};
		E591D56F1626D3AA00AFEC92 /* Release */ = {
			isa = XCBuildConfiguration;
			buildSettings = {
				ALWAYS_SEARCH_USER_PATHS = NO;
				ARCHS = "$(ARCHS_STANDARD_64_BIT)";
				CLANG_CXX_LANGUAGE_STANDARD = "gnu++0x";
				CLANG_CXX_LIBRARY = "libc++";
				CLANG_ENABLE_OBJC_ARC = YES;
				CLANG_WARN_EMPTY_BODY = YES;
				CLANG_WARN__DUPLICATE_METHOD_MATCH = YES;
				COPY_PHASE_STRIP = YES;
				DEBUG_INFORMATION_FORMAT = "dwarf-with-dsym";
				GCC_C_LANGUAGE_STANDARD = gnu99;
				GCC_ENABLE_OBJC_EXCEPTIONS = YES;
				GCC_WARN_64_TO_32_BIT_CONVERSION = YES;
				GCC_WARN_ABOUT_RETURN_TYPE = YES;
				GCC_WARN_UNINITIALIZED_AUTOS = YES;
				GCC_WARN_UNUSED_VARIABLE = YES;
				MACOSX_DEPLOYMENT_TARGET = 10.6;
				SDKROOT = macosx;
			};
			name = Release;
		};
		E591D5711626D3AA00AFEC92 /* Debug */ = {
			isa = XCBuildConfiguration;
			buildSettings = {
				COMBINE_HIDPI_IMAGES = YES;
				FRAMEWORK_SEARCH_PATHS = (
					"$(inherited)",
					"\"$(SRCROOT)/../../../Library/Developer/Xcode/DerivedData/XMLRPC-gvohcunxnyqojygmrfidsowgswof/Build/Products/Development\"",
					"\"$(SRCROOT)\"",
					"\"$(SRCROOT)/../../../Library/Developer/Xcode/DerivedData/SubDownloader-dfhboerosjnircdrvukjfjacabfb/Build/Products/Release\"",
					"\"$(SRCROOT)/../Support/BWToolkit\"",
				);
				GCC_PRECOMPILE_PREFIX_HEADER = YES;
				GCC_PREFIX_HEADER = "ActionsTest/Subtitles Downloader-Prefix.pch";
				INFOPLIST_FILE = "ActionsTest/Subtitles Downloader-Info.plist";
				MACOSX_DEPLOYMENT_TARGET = 10.6;
				PRODUCT_NAME = "Subtitles Downloader";
				WRAPPER_EXTENSION = app;
			};
			name = Debug;
		};
		E591D5721626D3AA00AFEC92 /* Release */ = {
			isa = XCBuildConfiguration;
			buildSettings = {
				COMBINE_HIDPI_IMAGES = YES;
				FRAMEWORK_SEARCH_PATHS = (
					"$(inherited)",
					"\"$(SRCROOT)/../../../Library/Developer/Xcode/DerivedData/XMLRPC-gvohcunxnyqojygmrfidsowgswof/Build/Products/Development\"",
					"\"$(SRCROOT)\"",
					"\"$(SRCROOT)/../../../Library/Developer/Xcode/DerivedData/SubDownloader-dfhboerosjnircdrvukjfjacabfb/Build/Products/Release\"",
					"\"$(SRCROOT)/../Support/BWToolkit\"",
				);
				GCC_PRECOMPILE_PREFIX_HEADER = YES;
				GCC_PREFIX_HEADER = "ActionsTest/Subtitles Downloader-Prefix.pch";
				INFOPLIST_FILE = "ActionsTest/Subtitles Downloader-Info.plist";
				MACOSX_DEPLOYMENT_TARGET = 10.6;
				PRODUCT_NAME = "Subtitles Downloader";
				WRAPPER_EXTENSION = app;
			};
			name = Release;
		};
/* End XCBuildConfiguration section */

/* Begin XCConfigurationList section */
		E591D54C1626D3A900AFEC92 /* Build configuration list for PBXProject "Subtitles Downloader" */ = {
			isa = XCConfigurationList;
			buildConfigurations = (
				E591D56E1626D3AA00AFEC92 /* Debug */,
				E591D56F1626D3AA00AFEC92 /* Release */,
			);
			defaultConfigurationIsVisible = 0;
			defaultConfigurationName = Release;
		};
		E591D5701626D3AA00AFEC92 /* Build configuration list for PBXNativeTarget "Subtitles Downloader" */ = {
			isa = XCConfigurationList;
			buildConfigurations = (
				E591D5711626D3AA00AFEC92 /* Debug */,
				E591D5721626D3AA00AFEC92 /* Release */,
			);
			defaultConfigurationIsVisible = 0;
			defaultConfigurationName = Release;
		};
/* End XCConfigurationList section */
	};
	rootObject = E591D5491626D3A900AFEC92 /* Project object */;
}
